
Microsoft Visual Studio Solution File, Format Version 12.00
# Visual Studio Version 17
VisualStudioVersion = 17.10.35004.147
MinimumVisualStudioVersion = 10.0.40219.1
Project("{9A19103F-16F7-4668-BE54-9A1E7A4F7556}") = "ProgettoIntrasettimanale", "ProgettoIntrasettimanale\ProgettoIntrasettimanale.csproj", "{C5B0F42F-97B4-43E0-BD12-BDE8F9ACF7A1}"
EndProject
Project("{9A19103F-16F7-4668-BE54-9A1E7A4F7556}") = "ApplicationLayer", "ApplicationLayer\ApplicationLayer.csproj", "{3532F91A-6A16-48A1-9389-A3A1F6D4F6DE}"
EndProject
Project("{FAE04EC0-301F-11D3-BF4B-00C04F79EFBC}") = "BusinessLayer", "BusinessLayer\BusinessLayer.csproj", "{5C9C7C2C-96AF-4D1D-9767-B7153338CC99}"
EndProject
Global
	GlobalSection(SolutionConfigurationPlatforms) = preSolution
		Debug|Any CPU = Debug|Any CPU
		Release|Any CPU = Release|Any CPU
	EndGlobalSection
	GlobalSection(ProjectConfigurationPlatforms) = postSolution
		{C5B0F42F-97B4-43E0-BD12-BDE8F9ACF7A1}.Debug|Any CPU.ActiveCfg = Debug|Any CPU
		{C5B0F42F-97B4-43E0-BD12-BDE8F9ACF7A1}.Debug|Any CPU.Build.0 = Debug|Any CPU
		{C5B0F42F-97B4-43E0-BD12-BDE8F9ACF7A1}.Release|Any CPU.ActiveCfg = Release|Any CPU
		{C5B0F42F-97B4-43E0-BD12-BDE8F9ACF7A1}.Release|Any CPU.Build.0 = Release|Any CPU
		{3532F91A-6A16-48A1-9389-A3A1F6D4F6DE}.Debug|Any CPU.ActiveCfg = Debug|Any CPU
		{3532F91A-6A16-48A1-9389-A3A1F6D4F6DE}.Debug|Any CPU.Build.0 = Debug|Any CPU
		{3532F91A-6A16-48A1-9389-A3A1F6D4F6DE}.Release|Any CPU.ActiveCfg = Release|Any CPU
		{3532F91A-6A16-48A1-9389-A3A1F6D4F6DE}.Release|Any CPU.Build.0 = Release|Any CPU
		{5C9C7C2C-96AF-4D1D-9767-B7153338CC99}.Debug|Any CPU.ActiveCfg = Debug|Any CPU
		{5C9C7C2C-96AF-4D1D-9767-B7153338CC99}.Debug|Any CPU.Build.0 = Debug|Any CPU
		{5C9C7C2C-96AF-4D1D-9767-B7153338CC99}.Release|Any CPU.ActiveCfg = Release|Any CPU
		{5C9C7C2C-96AF-4D1D-9767-B7153338CC99}.Release|Any CPU.Build.0 = Release|Any CPU
	EndGlobalSection
	GlobalSection(SolutionProperties) = preSolution
		HideSolutionNode = FALSE
	EndGlobalSection
	GlobalSection(ExtensibilityGlobals) = postSolution
		SolutionGuid = {E94A6693-1353-492C-9210-CE0397D8D1CF}
	EndGlobalSection
EndGlobal
