
Microsoft Visual Studio Solution File, Format Version 12.00
# Visual Studio Version 17
VisualStudioVersion = 17.10.35004.147
MinimumVisualStudioVersion = 10.0.40219.1
Project("{FAE04EC0-301F-11D3-BF4B-00C04F79EFBC}") = "w9PizzeriaMammaMia", "w9PizzeriaMammaMia\w9PizzeriaMammaMia.csproj", "{9B911274-1E26-4BE7-A5B9-BDF68B497E15}"
EndProject
Global
	GlobalSection(SolutionConfigurationPlatforms) = preSolution
		Debug|Any CPU = Debug|Any CPU
		Release|Any CPU = Release|Any CPU
	EndGlobalSection
	GlobalSection(ProjectConfigurationPlatforms) = postSolution
		{9B911274-1E26-4BE7-A5B9-BDF68B497E15}.Debug|Any CPU.ActiveCfg = Debug|Any CPU
		{9B911274-1E26-4BE7-A5B9-BDF68B497E15}.Debug|Any CPU.Build.0 = Debug|Any CPU
		{9B911274-1E26-4BE7-A5B9-BDF68B497E15}.Release|Any CPU.ActiveCfg = Release|Any CPU
		{9B911274-1E26-4BE7-A5B9-BDF68B497E15}.Release|Any CPU.Build.0 = Release|Any CPU
	EndGlobalSection
	GlobalSection(SolutionProperties) = preSolution
		HideSolutionNode = FALSE
	EndGlobalSection
	GlobalSection(ExtensibilityGlobals) = postSolution
		SolutionGuid = {F8297F9C-3BAD-48E8-A198-99AE7B67BD4D}
	EndGlobalSection
EndGlobal
