
Microsoft Visual Studio Solution File, Format Version 12.00
# Visual Studio Version 17
VisualStudioVersion = 17.10.35004.147
MinimumVisualStudioVersion = 10.0.40219.1
Project("{FAE04EC0-301F-11D3-BF4B-00C04F79EFBC}") = "w6Albergo", "w6Albergo\w6Albergo.csproj", "{EE90E0E5-1CAE-4DB1-9505-C58309CDA72B}"
EndProject
Global
	GlobalSection(SolutionConfigurationPlatforms) = preSolution
		Debug|Any CPU = Debug|Any CPU
		Release|Any CPU = Release|Any CPU
	EndGlobalSection
	GlobalSection(ProjectConfigurationPlatforms) = postSolution
		{EE90E0E5-1CAE-4DB1-9505-C58309CDA72B}.Debug|Any CPU.ActiveCfg = Debug|Any CPU
		{EE90E0E5-1CAE-4DB1-9505-C58309CDA72B}.Debug|Any CPU.Build.0 = Debug|Any CPU
		{EE90E0E5-1CAE-4DB1-9505-C58309CDA72B}.Release|Any CPU.ActiveCfg = Release|Any CPU
		{EE90E0E5-1CAE-4DB1-9505-C58309CDA72B}.Release|Any CPU.Build.0 = Release|Any CPU
	EndGlobalSection
	GlobalSection(SolutionProperties) = preSolution
		HideSolutionNode = FALSE
	EndGlobalSection
	GlobalSection(ExtensibilityGlobals) = postSolution
		SolutionGuid = {F2349C3E-0C1A-4D39-837D-A2315156161F}
	EndGlobalSection
EndGlobal
